{
  "name": "monorepo-beginners",
  "version": "1.0.0",
  "lockfileVersion": 3,
  "requires": true,
  "packages": {
    "": {
      "name": "monorepo-beginners",
      "version": "1.0.0",
      "license": "MIT",
      "workspaces": {
        "packages": [
          "packages/*"
        ]
      }
    },
    "node_modules/@monorepo-beginners/module-a": {
      "resolved": "packages/module-a",
      "link": true
    },
    "node_modules/@monorepo-beginners/module-b": {
      "resolved": "packages/module-b",
      "link": true
    },
    "node_modules/react": {
      "version": "19.1.1",
      "resolved": "https://registry.npmjs.org/react/-/react-19.1.1.tgz",
      "integrity": "sha512-w8nqGImo45dmMIfljjMwOGtbmC/mk4CMYhWIicdSflH91J9TyCyczcPFXJzrZ/ZXcgGRFeP6BU0BEJTw6tZdfQ==",
      "dev": true,
      "license": "MIT",
      "engines": {
        "node": ">=0.10.0"
      }
    },
    "packages/module-a": {
      "name": "@monorepo-beginners/module-a",
      "version": "1.0.0",
      "license": "MIT",
      "dependencies": {
        "@monorepo-beginners/module-b": "^1.0.0"
      },
      "devDependencies": {
        "react": "^19.1.1"
      }
    },
    "packages/module-b": {
      "name": "@monorepo-beginners/module-b",
      "version": "1.0.0",
      "license": "MIT",
      "bin": {
        "mdb": "index.js"
      }
    }
  }
}
